# THIS IS AN AUTOGENERATED FILE. DO NOT EDIT THIS FILE DIRECTLY.
# yarn lockfile v1


"@xterm/xterm@^5.4.0":
  version "5.4.0"
  resolved "https://registry.yarnpkg.com/@xterm/xterm/-/xterm-5.4.0.tgz#a35b585750ca492cbf2a4c99472c480d8c122840"
  integrity sha512-GlyzcZZ7LJjhFevthHtikhiDIl8lnTSgol6eTM4aoSNLcuXu3OEhnbqdCVIjtIil3jjabf3gDtb1S8FGahsuEw==
